// !$*UTF8*$!
{
	archiveVersion = 1;
	classes = {
	};
	objectVersion = 46;
	objects = {

/* Begin PBXBuildFile section */
		6F1397A21DACF82D0070BADA /* AppDelegate.swift in Sources */ = {isa = PBXBuildFile; fileRef = 6F1397A11DACF82D0070BADA /* AppDelegate.swift */; };
		6F1397A41DACF82D0070BADA /* ViewController.swift in Sources */ = {isa = PBXBuildFile; fileRef = 6F1397A31DACF82D0070BADA /* ViewController.swift */; };
		6F1397A71DACF82D0070BADA /* Main.storyboard in Resources */ = {isa = PBXBuildFile; fileRef = 6F1397A51DACF82D0070BADA /* Main.storyboard */; };
		6F1397A91DACF82D0070BADA /* Assets.xcassets in Resources */ = {isa = PBXBuildFile; fileRef = 6F1397A81DACF82D0070BADA /* Assets.xcassets */; };
		6F1397AC1DACF82D0070BADA /* LaunchScreen.storyboard in Resources */ = {isa = PBXBuildFile; fileRef = 6F1397AA1DACF82D0070BADA /* LaunchScreen.storyboard */; };
/* End PBXBuildFile section */

/* Begin PBXFileReference section */
		6F13979E1DACF82D0070BADA /* FootballAddictsTest.app */ = {isa = PBXFileReference; explicitFileType = wrapper.application; includeInIndex = 0; path = FootballAddictsTest.app; sourceTree = BUILT_PRODUCTS_DIR; };
		6F1397A11DACF82D0070BADA /* AppDelegate.swift */ = {isa = PBXFileReference; lastKnownFileType = sourcecode.swift; path = AppDelegate.swift; sourceTree = "<group>"; };
		6F1397A31DACF82D0070BADA /* ViewController.swift */ = {isa = PBXFileReference; lastKnownFileType = sourcecode.swift; path = ViewController.swift; sourceTree = "<group>"; };
		6F1397A61DACF82D0070BADA /* Base */ = {isa = PBXFileReference; lastKnownFileType = file.storyboard; name = Base; path = Base.lproj/Main.storyboard; sourceTree = "<group>"; };
		6F1397A81DACF82D0070BADA /* Assets.xcassets */ = {isa = PBXFileReference; lastKnownFileType = folder.assetcatalog; path = Assets.xcassets; sourceTree = "<group>"; };
		6F1397AB1DACF82D0070BADA /* Base */ = {isa = PBXFileReference; lastKnownFileType = file.storyboard; name = Base; path = Base.lproj/LaunchScreen.storyboard; sourceTree = "<group>"; };
		6F1397AD1DACF82D0070BADA /* Info.plist */ = {isa = PBXFileReference; lastKnownFileType = text.plist.xml; path = Info.plist; sourceTree = "<group>"; };
/* End PBXFileReference section */

/* Begin PBXFrameworksBuildPhase section */
		6F13979B1DACF82D0070BADA /* Frameworks */ = {
			isa = PBXFrameworksBuildPhase;
			buildActionMask = 2147483647;
			files = (
			);
			runOnlyForDeploymentPostprocessing = 0;
		};
/* End PBXFrameworksBuildPhase section */

/* Begin PBXGroup section */
		6F1397951DACF82D0070BADA = {
			isa = PBXGroup;
			children = (
				6F1397A01DACF82D0070BADA /* FootballAddictsTest */,
				6F13979F1DACF82D0070BADA /* Products */,
			);
			sourceTree = "<group>";
		};
		6F13979F1DACF82D0070BADA /* Products */ = {
			isa = PBXGroup;
			children = (
				6F13979E1DACF82D0070BADA /* FootballAddictsTest.app */,
			);
			name = Products;
			sourceTree = "<group>";
		};
		6F1397A01DACF82D0070BADA /* FootballAddictsTest */ = {
			isa = PBXGroup;
			children = (
				6F1397A11DACF82D0070BADA /* AppDelegate.swift */,
				6F1397A31DACF82D0070BADA /* ViewController.swift */,
				6F1397A51DACF82D0070BADA /* Main.storyboard */,
				6F1397A81DACF82D0070BADA /* Assets.xcassets */,
				6F1397AA1DACF82D0070BADA /* LaunchScreen.storyboard */,
				6F1397AD1DACF82D0070BADA /* Info.plist */,
			);
			path = FootballAddictsTest;
			sourceTree = "<group>";
		};
/* End PBXGroup section */

/* Begin PBXNativeTarget section */
		6F13979D1DACF82D0070BADA /* FootballAddictsTest */ = {
			isa = PBXNativeTarget;
			buildConfigurationList = 6F1397B01DACF82D0070BADA /* Build configuration list for PBXNativeTarget "FootballAddictsTest" */;
			buildPhases = (
				6F13979A1DACF82D0070BADA /* Sources */,
				6F13979B1DACF82D0070BADA /* Frameworks */,
				6F13979C1DACF82D0070BADA /* Resources */,
			);
			buildRules = (
			);
			dependencies = (
			);
			name = FootballAddictsTest;
			productName = FootballAddictsTest;
			productReference = 6F13979E1DACF82D0070BADA /* FootballAddictsTest.app */;
			productType = "com.apple.product-type.application";
		};
/* End PBXNativeTarget section */

/* Begin PBXProject section */
		6F1397961DACF82D0070BADA /* Project object */ = {
			isa = PBXProject;
			attributes = {
				LastSwiftUpdateCheck = 0730;
				LastUpgradeCheck = 0730;
				ORGANIZATIONNAME = JaimeLopez;
				TargetAttributes = {
					6F13979D1DACF82D0070BADA = {
						CreatedOnToolsVersion = 7.3.1;
					};
				};
			};
			buildConfigurationList = 6F1397991DACF82D0070BADA /* Build configuration list for PBXProject "FootballAddictsTest" */;
			compatibilityVersion = "Xcode 3.2";
			developmentRegion = English;
			hasScannedForEncodings = 0;
			knownRegions = (
				en,
				Base,
			);
			mainGroup = 6F1397951DACF82D0070BADA;
			productRefGroup = 6F13979F1DACF82D0070BADA /* Products */;
			projectDirPath = "";
			projectRoot = "";
			targets = (
				6F13979D1DACF82D0070BADA /* FootballAddictsTest */,
			);
		};
/* End PBXProject section */

/* Begin PBXResourcesBuildPhase section */
		6F13979C1DACF82D0070BADA /* Resources */ = {
			isa = PBXResourcesBuildPhase;
			buildActionMask = 2147483647;
			files = (
				6F1397AC1DACF82D0070BADA /* LaunchScreen.storyboard in Resources */,
				6F1397A91DACF82D0070BADA /* Assets.xcassets in Resources */,
				6F1397A71DACF82D0070BADA /* Main.storyboard in Resources */,
			);
			runOnlyForDeploymentPostprocessing = 0;
		};
/* End PBXResourcesBuildPhase section */

/* Begin PBXSourcesBuildPhase section */
		6F13979A1DACF82D0070BADA /* Sources */ = {
			isa = PBXSourcesBuildPhase;
			buildActionMask = 2147483647;
			files = (
				6F1397A41DACF82D0070BADA /* ViewController.swift in Sources */,
				6F1397A21DACF82D0070BADA /* AppDelegate.swift in Sources */,
			);
			runOnlyForDeploymentPostprocessing = 0;
		};
/* End PBXSourcesBuildPhase section */

/* Begin PBXVariantGroup section */
		6F1397A51DACF82D0070BADA /* Main.storyboard */ = {
			isa = PBXVariantGroup;
			children = (
				6F1397A61DACF82D0070BADA /* Base */,
			);
			name = Main.storyboard;
			sourceTree = "<group>";
		};
		6F1397AA1DACF82D0070BADA /* LaunchScreen.storyboard */ = {
			isa = PBXVariantGroup;
			children = (
				6F1397AB1DACF82D0070BADA /* Base */,
			);
			name = LaunchScreen.storyboard;
			sourceTree = "<group>";
		};
/* End PBXVariantGroup section */

/* Begin XCBuildConfiguration section */
		6F1397AE1DACF82D0070BADA /* Debug */ = {
			isa = XCBuildConfiguration;
			buildSettings = {
				ALWAYS_SEARCH_USER_PATHS = NO;
				CLANG_ANALYZER_NONNULL = YES;
				CLANG_CXX_LANGUAGE_STANDARD = "gnu++0x";
				CLANG_CXX_LIBRARY = "libc++";
				CLANG_ENABLE_MODULES = YES;
				CLANG_ENABLE_OBJC_ARC = YES;
				CLANG_WARN_BOOL_CONVERSION = YES;
				CLANG_WARN_CONSTANT_CONVERSION = YES;
				CLANG_WARN_DIRECT_OBJC_ISA_USAGE = YES_ERROR;
				CLANG_WARN_EMPTY_BODY = YES;
				CLANG_WARN_ENUM_CONVERSION = YES;
				CLANG_WARN_INT_CONVERSION = YES;
				CLANG_WARN_OBJC_ROOT_CLASS = YES_ERROR;
				CLANG_WARN_UNREACHABLE_CODE = YES;
				CLANG_WARN__DUPLICATE_METHOD_MATCH = YES;
				"CODE_SIGN_IDENTITY[sdk=iphoneos*]" = "iPhone Developer";
				COPY_PHASE_STRIP = NO;
				DEBUG_INFORMATION_FORMAT = dwarf;
				ENABLE_STRICT_OBJC_MSGSEND = YES;
				ENABLE_TESTABILITY = YES;
				GCC_C_LANGUAGE_STANDARD = gnu99;
				GCC_DYNAMIC_NO_PIC = NO;
				GCC_NO_COMMON_BLOCKS = YES;
				GCC_OPTIMIZATION_LEVEL = 0;
				GCC_PREPROCESSOR_DEFINITIONS = (
					"DEBUG=1",
					"$(inherited)",
				);
				GCC_WARN_64_TO_32_BIT_CONVERSION = YES;
				GCC_WARN_ABOUT_RETURN_TYPE = YES_ERROR;
				GCC_WARN_UNDECLARED_SELECTOR = YES;
				GCC_WARN_UNINITIALIZED_AUTOS = YES_AGGRESSIVE;
				GCC_WARN_UNUSED_FUNCTION = YES;
				GCC_WARN_UNUSED_VARIABLE = YES;
				IPHONEOS_DEPLOYMENT_TARGET = 9.3;
				MTL_ENABLE_DEBUG_INFO = YES;
				ONLY_ACTIVE_ARCH = YES;
				SDKROOT = iphoneos;
				SWIFT_OPTIMIZATION_LEVEL = "-Onone";
			};
			name = Debug;
		};
		6F1397AF1DACF82D0070BADA /* Release */ = {
			isa = XCBuildConfiguration;
			buildSettings = {
				ALWAYS_SEARCH_USER_PATHS = NO;
				CLANG_ANALYZER_NONNULL = YES;
				CLANG_CXX_LANGUAGE_STANDARD = "gnu++0x";
				CLANG_CXX_LIBRARY = "libc++";
				CLANG_ENABLE_MODULES = YES;
				CLANG_ENABLE_OBJC_ARC = YES;
				CLANG_WARN_BOOL_CONVERSION = YES;
				CLANG_WARN_CONSTANT_CONVERSION = YES;
				CLANG_WARN_DIRECT_OBJC_ISA_USAGE = YES_ERROR;
				CLANG_WARN_EMPTY_BODY = YES;
				CLANG_WARN_ENUM_CONVERSION = YES;
				CLANG_WARN_INT_CONVERSION = YES;
				CLANG_WARN_OBJC_ROOT_CLASS = YES_ERROR;
				CLANG_WARN_UNREACHABLE_CODE = YES;
				CLANG_WARN__DUPLICATE_METHOD_MATCH = YES;
				"CODE_SIGN_IDENTITY[sdk=iphoneos*]" = "iPhone Developer";
				COPY_PHASE_STRIP = NO;
				DEBUG_INFORMATION_FORMAT = "dwarf-with-dsym";
				ENABLE_NS_ASSERTIONS = NO;
				ENABLE_STRICT_OBJC_MSGSEND = YES;
				GCC_C_LANGUAGE_STANDARD = gnu99;
				GCC_NO_COMMON_BLOCKS = YES;
				GCC_WARN_64_TO_32_BIT_CONVERSION = YES;
				GCC_WARN_ABOUT_RETURN_TYPE = YES_ERROR;
				GCC_WARN_UNDECLARED_SELECTOR = YES;
				GCC_WARN_UNINITIALIZED_AUTOS = YES_AGGRESSIVE;
				GCC_WARN_UNUSED_FUNCTION = YES;
				GCC_WARN_UNUSED_VARIABLE = YES;
				IPHONEOS_DEPLOYMENT_TARGET = 9.3;
				MTL_ENABLE_DEBUG_INFO = NO;
				SDKROOT = iphoneos;
				VALIDATE_PRODUCT = YES;
			};
			name = Release;
		};
		6F1397B11DACF82D0070BADA /* Debug */ = {
			isa = XCBuildConfiguration;
			buildSettings = {
				ASSETCATALOG_COMPILER_APPICON_NAME = AppIcon;
				INFOPLIST_FILE = FootballAddictsTest/Info.plist;
				IPHONEOS_DEPLOYMENT_TARGET = 9.0;
				LD_RUNPATH_SEARCH_PATHS = "$(inherited) @executable_path/Frameworks";
				PRODUCT_BUNDLE_IDENTIFIER = com.jaimelopez.FootballAddictsTest;
				PRODUCT_NAME = "$(TARGET_NAME)";
			};
			name = Debug;
		};
		6F1397B21DACF82D0070BADA /* Release */ = {
			isa = XCBuildConfiguration;
			buildSettings = {
				ASSETCATALOG_COMPILER_APPICON_NAME = AppIcon;
				INFOPLIST_FILE = FootballAddictsTest/Info.plist;
				IPHONEOS_DEPLOYMENT_TARGET = 9.0;
				LD_RUNPATH_SEARCH_PATHS = "$(inherited) @executable_path/Frameworks";
				PRODUCT_BUNDLE_IDENTIFIER = com.jaimelopez.FootballAddictsTest;
				PRODUCT_NAME = "$(TARGET_NAME)";
			};
			name = Release;
		};
/* End XCBuildConfiguration section */

/* Begin XCConfigurationList section */
		6F1397991DACF82D0070BADA /* Build configuration list for PBXProject "FootballAddictsTest" */ = {
			isa = XCConfigurationList;
			buildConfigurations = (
				6F1397AE1DACF82D0070BADA /* Debug */,
				6F1397AF1DACF82D0070BADA /* Release */,
			);
			defaultConfigurationIsVisible = 0;
			defaultConfigurationName = Release;
		};
		6F1397B01DACF82D0070BADA /* Build configuration list for PBXNativeTarget "FootballAddictsTest" */ = {
			isa = XCConfigurationList;
			buildConfigurations = (
				6F1397B11DACF82D0070BADA /* Debug */,
				6F1397B21DACF82D0070BADA /* Release */,
			);
			defaultConfigurationIsVisible = 0;
		};
/* End XCConfigurationList section */
	};
	rootObject = 6F1397961DACF82D0070BADA /* Project object */;
}
